
Microsoft Visual Studio Solution File, Format Version 12.00
# Visual Studio Version 17
VisualStudioVersion = 17.8.34525.116
MinimumVisualStudioVersion = 10.0.40219.1
Project("{FAE04EC0-301F-11D3-BF4B-00C04F79EFBC}") = "HerenciaQ1", "HerenciaQ1\HerenciaQ1.csproj", "{4CB0C591-6C04-4BB1-A8BA-C8A4F060742A}"
EndProject
Global
	GlobalSection(SolutionConfigurationPlatforms) = preSolution
		Debug|Any CPU = Debug|Any CPU
		Release|Any CPU = Release|Any CPU
	EndGlobalSection
	GlobalSection(ProjectConfigurationPlatforms) = postSolution
		{4CB0C591-6C04-4BB1-A8BA-C8A4F060742A}.Debug|Any CPU.ActiveCfg = Debug|Any CPU
		{4CB0C591-6C04-4BB1-A8BA-C8A4F060742A}.Debug|Any CPU.Build.0 = Debug|Any CPU
		{4CB0C591-6C04-4BB1-A8BA-C8A4F060742A}.Release|Any CPU.ActiveCfg = Release|Any CPU
		{4CB0C591-6C04-4BB1-A8BA-C8A4F060742A}.Release|Any CPU.Build.0 = Release|Any CPU
	EndGlobalSection
	GlobalSection(SolutionProperties) = preSolution
		HideSolutionNode = FALSE
	EndGlobalSection
	GlobalSection(ExtensibilityGlobals) = postSolution
		SolutionGuid = {BB3727A0-4C7B-4F54-94B4-2AD78F573126}
	EndGlobalSection
EndGlobal
